// !$*UTF8*$!
{
	archiveVersion = 1;
	classes = {
	};
	objectVersion = 50;
	objects = {

/* Begin PBXBuildFile section */
		775A8C357E9EA2A5832C7651 /* Pods_Royal_Score.framework in Frameworks */ = {isa = PBXBuildFile; fileRef = 06C4BC26850FAE520EC06663 /* Pods_Royal_Score.framework */; };
		DB62C70C2212E198005D2909 /* AppDelegate.swift in Sources */ = {isa = PBXBuildFile; fileRef = DB62C70B2212E198005D2909 /* AppDelegate.swift */; };
		DB62C70E2212E198005D2909 /* ScoreViewController.swift in Sources */ = {isa = PBXBuildFile; fileRef = DB62C70D2212E198005D2909 /* ScoreViewController.swift */; };
		DB62C7132212E199005D2909 /* Assets.xcassets in Resources */ = {isa = PBXBuildFile; fileRef = DB62C7122212E199005D2909 /* Assets.xcassets */; };
		DB62C7162212E199005D2909 /* LaunchScreen.storyboard in Resources */ = {isa = PBXBuildFile; fileRef = DB62C7142212E199005D2909 /* LaunchScreen.storyboard */; };
		DB62C71E2212FE86005D2909 /* KeyboardLayout.swift in Sources */ = {isa = PBXBuildFile; fileRef = DB62C71D2212FE86005D2909 /* KeyboardLayout.swift */; };
/* End PBXBuildFile section */

/* Begin PBXFileReference section */
		06C4BC26850FAE520EC06663 /* Pods_Royal_Score.framework */ = {isa = PBXFileReference; explicitFileType = wrapper.framework; includeInIndex = 0; path = Pods_Royal_Score.framework; sourceTree = BUILT_PRODUCTS_DIR; };
		BAF60CC4EF6E547489B18CF6 /* Pods-Royal Score.release.xcconfig */ = {isa = PBXFileReference; includeInIndex = 1; lastKnownFileType = text.xcconfig; name = "Pods-Royal Score.release.xcconfig"; path = "Pods/Target Support Files/Pods-Royal Score/Pods-Royal Score.release.xcconfig"; sourceTree = "<group>"; };
		BD227E7E26D9FDA59D03FB6C /* Pods-Royal Score.debug.xcconfig */ = {isa = PBXFileReference; includeInIndex = 1; lastKnownFileType = text.xcconfig; name = "Pods-Royal Score.debug.xcconfig"; path = "Pods/Target Support Files/Pods-Royal Score/Pods-Royal Score.debug.xcconfig"; sourceTree = "<group>"; };
		DB62C7082212E198005D2909 /* Royal Score.app */ = {isa = PBXFileReference; explicitFileType = wrapper.application; includeInIndex = 0; path = "Royal Score.app"; sourceTree = BUILT_PRODUCTS_DIR; };
		DB62C70B2212E198005D2909 /* AppDelegate.swift */ = {isa = PBXFileReference; lastKnownFileType = sourcecode.swift; path = AppDelegate.swift; sourceTree = "<group>"; };
		DB62C70D2212E198005D2909 /* ScoreViewController.swift */ = {isa = PBXFileReference; lastKnownFileType = sourcecode.swift; path = ScoreViewController.swift; sourceTree = "<group>"; };
		DB62C7122212E199005D2909 /* Assets.xcassets */ = {isa = PBXFileReference; lastKnownFileType = folder.assetcatalog; path = Assets.xcassets; sourceTree = "<group>"; };
		DB62C7152212E199005D2909 /* Base */ = {isa = PBXFileReference; lastKnownFileType = file.storyboard; name = Base; path = Base.lproj/LaunchScreen.storyboard; sourceTree = "<group>"; };
		DB62C7172212E199005D2909 /* Info.plist */ = {isa = PBXFileReference; lastKnownFileType = text.plist.xml; path = Info.plist; sourceTree = "<group>"; };
		DB62C71D2212FE86005D2909 /* KeyboardLayout.swift */ = {isa = PBXFileReference; fileEncoding = 4; lastKnownFileType = sourcecode.swift; path = KeyboardLayout.swift; sourceTree = "<group>"; };
/* End PBXFileReference section */

/* Begin PBXFrameworksBuildPhase section */
		DB62C7052212E198005D2909 /* Frameworks */ = {
			isa = PBXFrameworksBuildPhase;
			buildActionMask = 2147483647;
			files = (
				775A8C357E9EA2A5832C7651 /* Pods_Royal_Score.framework in Frameworks */,
			);
			runOnlyForDeploymentPostprocessing = 0;
		};
/* End PBXFrameworksBuildPhase section */

/* Begin PBXGroup section */
		1BED3C00C5F65E1B0865E653 /* Frameworks */ = {
			isa = PBXGroup;
			children = (
				06C4BC26850FAE520EC06663 /* Pods_Royal_Score.framework */,
			);
			name = Frameworks;
			sourceTree = "<group>";
		};
		4BCD22B3E680C0D50622B51A /* Pods */ = {
			isa = PBXGroup;
			children = (
				BD227E7E26D9FDA59D03FB6C /* Pods-Royal Score.debug.xcconfig */,
				BAF60CC4EF6E547489B18CF6 /* Pods-Royal Score.release.xcconfig */,
			);
			name = Pods;
			sourceTree = "<group>";
		};
		DB62C6FF2212E198005D2909 = {
			isa = PBXGroup;
			children = (
				DB62C70A2212E198005D2909 /* Royal Score */,
				DB62C7092212E198005D2909 /* Products */,
				4BCD22B3E680C0D50622B51A /* Pods */,
				1BED3C00C5F65E1B0865E653 /* Frameworks */,
			);
			sourceTree = "<group>";
		};
		DB62C7092212E198005D2909 /* Products */ = {
			isa = PBXGroup;
			children = (
				DB62C7082212E198005D2909 /* Royal Score.app */,
			);
			name = Products;
			sourceTree = "<group>";
		};
		DB62C70A2212E198005D2909 /* Royal Score */ = {
			isa = PBXGroup;
			children = (
				DB62C71D2212FE86005D2909 /* KeyboardLayout.swift */,
				DB62C70B2212E198005D2909 /* AppDelegate.swift */,
				DB62C70D2212E198005D2909 /* ScoreViewController.swift */,
				DB62C7122212E199005D2909 /* Assets.xcassets */,
				DB62C7142212E199005D2909 /* LaunchScreen.storyboard */,
				DB62C7172212E199005D2909 /* Info.plist */,
			);
			path = "Royal Score";
			sourceTree = "<group>";
		};
/* End PBXGroup section */

/* Begin PBXNativeTarget section */
		DB62C7072212E198005D2909 /* Royal Score */ = {
			isa = PBXNativeTarget;
			buildConfigurationList = DB62C71A2212E199005D2909 /* Build configuration list for PBXNativeTarget "Royal Score" */;
			buildPhases = (
				04728AD7CA65EFE1F5D57116 /* [CP] Check Pods Manifest.lock */,
				DB62C7042212E198005D2909 /* Sources */,
				DB62C7052212E198005D2909 /* Frameworks */,
				DB62C7062212E198005D2909 /* Resources */,
				A2E68DBD7D8672C0BC220A02 /* [CP] Embed Pods Frameworks */,
			);
			buildRules = (
			);
			dependencies = (
			);
			name = "Royal Score";
			productName = "Royal Score";
			productReference = DB62C7082212E198005D2909 /* Royal Score.app */;
			productType = "com.apple.product-type.application";
		};
/* End PBXNativeTarget section */

/* Begin PBXProject section */
		DB62C7002212E198005D2909 /* Project object */ = {
			isa = PBXProject;
			attributes = {
				LastSwiftUpdateCheck = 1010;
				LastUpgradeCheck = 1010;
				ORGANIZATIONNAME = "Two Lives Left";
				TargetAttributes = {
					DB62C7072212E198005D2909 = {
						CreatedOnToolsVersion = 10.1;
					};
				};
			};
			buildConfigurationList = DB62C7032212E198005D2909 /* Build configuration list for PBXProject "Royal Score" */;
			compatibilityVersion = "Xcode 9.3";
			developmentRegion = en;
			hasScannedForEncodings = 0;
			knownRegions = (
				en,
				Base,
			);
			mainGroup = DB62C6FF2212E198005D2909;
			productRefGroup = DB62C7092212E198005D2909 /* Products */;
			projectDirPath = "";
			projectRoot = "";
			targets = (
				DB62C7072212E198005D2909 /* Royal Score */,
			);
		};
/* End PBXProject section */

/* Begin PBXResourcesBuildPhase section */
		DB62C7062212E198005D2909 /* Resources */ = {
			isa = PBXResourcesBuildPhase;
			buildActionMask = 2147483647;
			files = (
				DB62C7162212E199005D2909 /* LaunchScreen.storyboard in Resources */,
				DB62C7132212E199005D2909 /* Assets.xcassets in Resources */,
			);
			runOnlyForDeploymentPostprocessing = 0;
		};
/* End PBXResourcesBuildPhase section */

/* Begin PBXShellScriptBuildPhase section */
		04728AD7CA65EFE1F5D57116 /* [CP] Check Pods Manifest.lock */ = {
			isa = PBXShellScriptBuildPhase;
			buildActionMask = 2147483647;
			files = (
			);
			inputPaths = (
				"${PODS_PODFILE_DIR_PATH}/Podfile.lock",
				"${PODS_ROOT}/Manifest.lock",
			);
			name = "[CP] Check Pods Manifest.lock";
			outputPaths = (
				"$(DERIVED_FILE_DIR)/Pods-Royal Score-checkManifestLockResult.txt",
			);
			runOnlyForDeploymentPostprocessing = 0;
			shellPath = /bin/sh;
			shellScript = "diff \"${PODS_PODFILE_DIR_PATH}/Podfile.lock\" \"${PODS_ROOT}/Manifest.lock\" > /dev/null\nif [ $? != 0 ] ; then\n    # print error to STDERR\n    echo \"error: The sandbox is not in sync with the Podfile.lock. Run 'pod install' or update your CocoaPods installation.\" >&2\n    exit 1\nfi\n# This output is used by Xcode 'outputs' to avoid re-running this script phase.\necho \"SUCCESS\" > \"${SCRIPT_OUTPUT_FILE_0}\"\n";
			showEnvVarsInLog = 0;
		};
		A2E68DBD7D8672C0BC220A02 /* [CP] Embed Pods Frameworks */ = {
			isa = PBXShellScriptBuildPhase;
			buildActionMask = 2147483647;
			files = (
			);
			inputPaths = (
				"${SRCROOT}/Pods/Target Support Files/Pods-Royal Score/Pods-Royal Score-frameworks.sh",
				"${BUILT_PRODUCTS_DIR}/SnapKit/SnapKit.framework",
			);
			name = "[CP] Embed Pods Frameworks";
			outputPaths = (
				"${TARGET_BUILD_DIR}/${FRAMEWORKS_FOLDER_PATH}/SnapKit.framework",
			);
			runOnlyForDeploymentPostprocessing = 0;
			shellPath = /bin/sh;
			shellScript = "\"${SRCROOT}/Pods/Target Support Files/Pods-Royal Score/Pods-Royal Score-frameworks.sh\"\n";
			showEnvVarsInLog = 0;
		};
/* End PBXShellScriptBuildPhase section */

/* Begin PBXSourcesBuildPhase section */
		DB62C7042212E198005D2909 /* Sources */ = {
			isa = PBXSourcesBuildPhase;
			buildActionMask = 2147483647;
			files = (
				DB62C71E2212FE86005D2909 /* KeyboardLayout.swift in Sources */,
				DB62C70E2212E198005D2909 /* ScoreViewController.swift in Sources */,
				DB62C70C2212E198005D2909 /* AppDelegate.swift in Sources */,
			);
			runOnlyForDeploymentPostprocessing = 0;
		};
/* End PBXSourcesBuildPhase section */

/* Begin PBXVariantGroup section */
		DB62C7142212E199005D2909 /* LaunchScreen.storyboard */ = {
			isa = PBXVariantGroup;
			children = (
				DB62C7152212E199005D2909 /* Base */,
			);
			name = LaunchScreen.storyboard;
			sourceTree = "<group>";
		};
/* End PBXVariantGroup section */

/* Begin XCBuildConfiguration section */
		DB62C7182212E199005D2909 /* Debug */ = {
			isa = XCBuildConfiguration;
			buildSettings = {
				ALWAYS_SEARCH_USER_PATHS = NO;
				CLANG_ANALYZER_NONNULL = YES;
				CLANG_ANALYZER_NUMBER_OBJECT_CONVERSION = YES_AGGRESSIVE;
				CLANG_CXX_LANGUAGE_STANDARD = "gnu++14";
				CLANG_CXX_LIBRARY = "libc++";
				CLANG_ENABLE_MODULES = YES;
				CLANG_ENABLE_OBJC_ARC = YES;
				CLANG_ENABLE_OBJC_WEAK = YES;
				CLANG_WARN_BLOCK_CAPTURE_AUTORELEASING = YES;
				CLANG_WARN_BOOL_CONVERSION = YES;
				CLANG_WARN_COMMA = YES;
				CLANG_WARN_CONSTANT_CONVERSION = YES;
				CLANG_WARN_DEPRECATED_OBJC_IMPLEMENTATIONS = YES;
				CLANG_WARN_DIRECT_OBJC_ISA_USAGE = YES_ERROR;
				CLANG_WARN_DOCUMENTATION_COMMENTS = YES;
				CLANG_WARN_EMPTY_BODY = YES;
				CLANG_WARN_ENUM_CONVERSION = YES;
				CLANG_WARN_INFINITE_RECURSION = YES;
				CLANG_WARN_INT_CONVERSION = YES;
				CLANG_WARN_NON_LITERAL_NULL_CONVERSION = YES;
				CLANG_WARN_OBJC_IMPLICIT_RETAIN_SELF = YES;
				CLANG_WARN_OBJC_LITERAL_CONVERSION = YES;
				CLANG_WARN_OBJC_ROOT_CLASS = YES_ERROR;
				CLANG_WARN_RANGE_LOOP_ANALYSIS = YES;
				CLANG_WARN_STRICT_PROTOTYPES = YES;
				CLANG_WARN_SUSPICIOUS_MOVE = YES;
				CLANG_WARN_UNGUARDED_AVAILABILITY = YES_AGGRESSIVE;
				CLANG_WARN_UNREACHABLE_CODE = YES;
				CLANG_WARN__DUPLICATE_METHOD_MATCH = YES;
				CODE_SIGN_IDENTITY = "iPhone Developer";
				COPY_PHASE_STRIP = NO;
				DEBUG_INFORMATION_FORMAT = dwarf;
				ENABLE_STRICT_OBJC_MSGSEND = YES;
				ENABLE_TESTABILITY = YES;
				GCC_C_LANGUAGE_STANDARD = gnu11;
				GCC_DYNAMIC_NO_PIC = NO;
				GCC_NO_COMMON_BLOCKS = YES;
				GCC_OPTIMIZATION_LEVEL = 0;
				GCC_PREPROCESSOR_DEFINITIONS = (
					"DEBUG=1",
					"$(inherited)",
				);
				GCC_WARN_64_TO_32_BIT_CONVERSION = YES;
				GCC_WARN_ABOUT_RETURN_TYPE = YES_ERROR;
				GCC_WARN_UNDECLARED_SELECTOR = YES;
				GCC_WARN_UNINITIALIZED_AUTOS = YES_AGGRESSIVE;
				GCC_WARN_UNUSED_FUNCTION = YES;
				GCC_WARN_UNUSED_VARIABLE = YES;
				IPHONEOS_DEPLOYMENT_TARGET = 12.1;
				MTL_ENABLE_DEBUG_INFO = INCLUDE_SOURCE;
				MTL_FAST_MATH = YES;
				ONLY_ACTIVE_ARCH = YES;
				SDKROOT = iphoneos;
				SWIFT_ACTIVE_COMPILATION_CONDITIONS = DEBUG;
				SWIFT_OPTIMIZATION_LEVEL = "-Onone";
			};
			name = Debug;
		};
		DB62C7192212E199005D2909 /* Release */ = {
			isa = XCBuildConfiguration;
			buildSettings = {
				ALWAYS_SEARCH_USER_PATHS = NO;
				CLANG_ANALYZER_NONNULL = YES;
				CLANG_ANALYZER_NUMBER_OBJECT_CONVERSION = YES_AGGRESSIVE;
				CLANG_CXX_LANGUAGE_STANDARD = "gnu++14";
				CLANG_CXX_LIBRARY = "libc++";
				CLANG_ENABLE_MODULES = YES;
				CLANG_ENABLE_OBJC_ARC = YES;
				CLANG_ENABLE_OBJC_WEAK = YES;
				CLANG_WARN_BLOCK_CAPTURE_AUTORELEASING = YES;
				CLANG_WARN_BOOL_CONVERSION = YES;
				CLANG_WARN_COMMA = YES;
				CLANG_WARN_CONSTANT_CONVERSION = YES;
				CLANG_WARN_DEPRECATED_OBJC_IMPLEMENTATIONS = YES;
				CLANG_WARN_DIRECT_OBJC_ISA_USAGE = YES_ERROR;
				CLANG_WARN_DOCUMENTATION_COMMENTS = YES;
				CLANG_WARN_EMPTY_BODY = YES;
				CLANG_WARN_ENUM_CONVERSION = YES;
				CLANG_WARN_INFINITE_RECURSION = YES;
				CLANG_WARN_INT_CONVERSION = YES;
				CLANG_WARN_NON_LITERAL_NULL_CONVERSION = YES;
				CLANG_WARN_OBJC_IMPLICIT_RETAIN_SELF = YES;
				CLANG_WARN_OBJC_LITERAL_CONVERSION = YES;
				CLANG_WARN_OBJC_ROOT_CLASS = YES_ERROR;
				CLANG_WARN_RANGE_LOOP_ANALYSIS = YES;
				CLANG_WARN_STRICT_PROTOTYPES = YES;
				CLANG_WARN_SUSPICIOUS_MOVE = YES;
				CLANG_WARN_UNGUARDED_AVAILABILITY = YES_AGGRESSIVE;
				CLANG_WARN_UNREACHABLE_CODE = YES;
				CLANG_WARN__DUPLICATE_METHOD_MATCH = YES;
				CODE_SIGN_IDENTITY = "iPhone Developer";
				COPY_PHASE_STRIP = NO;
				DEBUG_INFORMATION_FORMAT = "dwarf-with-dsym";
				ENABLE_NS_ASSERTIONS = NO;
				ENABLE_STRICT_OBJC_MSGSEND = YES;
				GCC_C_LANGUAGE_STANDARD = gnu11;
				GCC_NO_COMMON_BLOCKS = YES;
				GCC_WARN_64_TO_32_BIT_CONVERSION = YES;
				GCC_WARN_ABOUT_RETURN_TYPE = YES_ERROR;
				GCC_WARN_UNDECLARED_SELECTOR = YES;
				GCC_WARN_UNINITIALIZED_AUTOS = YES_AGGRESSIVE;
				GCC_WARN_UNUSED_FUNCTION = YES;
				GCC_WARN_UNUSED_VARIABLE = YES;
				IPHONEOS_DEPLOYMENT_TARGET = 12.1;
				MTL_ENABLE_DEBUG_INFO = NO;
				MTL_FAST_MATH = YES;
				SDKROOT = iphoneos;
				SWIFT_COMPILATION_MODE = wholemodule;
				SWIFT_OPTIMIZATION_LEVEL = "-O";
				VALIDATE_PRODUCT = YES;
			};
			name = Release;
		};
		DB62C71B2212E199005D2909 /* Debug */ = {
			isa = XCBuildConfiguration;
			baseConfigurationReference = BD227E7E26D9FDA59D03FB6C /* Pods-Royal Score.debug.xcconfig */;
			buildSettings = {
				ASSETCATALOG_COMPILER_APPICON_NAME = AppIcon;
				CODE_SIGN_STYLE = Automatic;
				DEVELOPMENT_TEAM = G5S3RZ43N7;
				INFOPLIST_FILE = "Royal Score/Info.plist";
				LD_RUNPATH_SEARCH_PATHS = (
					"$(inherited)",
					"@executable_path/Frameworks",
				);
				PRODUCT_BUNDLE_IDENTIFIER = "com.twolivesleft.Royal-Score";
				PRODUCT_NAME = "$(TARGET_NAME)";
				SWIFT_VERSION = 4.2;
				TARGETED_DEVICE_FAMILY = "1,2";
			};
			name = Debug;
		};
		DB62C71C2212E199005D2909 /* Release */ = {
			isa = XCBuildConfiguration;
			baseConfigurationReference = BAF60CC4EF6E547489B18CF6 /* Pods-Royal Score.release.xcconfig */;
			buildSettings = {
				ASSETCATALOG_COMPILER_APPICON_NAME = AppIcon;
				CODE_SIGN_STYLE = Automatic;
				DEVELOPMENT_TEAM = G5S3RZ43N7;
				INFOPLIST_FILE = "Royal Score/Info.plist";
				LD_RUNPATH_SEARCH_PATHS = (
					"$(inherited)",
					"@executable_path/Frameworks",
				);
				PRODUCT_BUNDLE_IDENTIFIER = "com.twolivesleft.Royal-Score";
				PRODUCT_NAME = "$(TARGET_NAME)";
				SWIFT_VERSION = 4.2;
				TARGETED_DEVICE_FAMILY = "1,2";
			};
			name = Release;
		};
/* End XCBuildConfiguration section */

/* Begin XCConfigurationList section */
		DB62C7032212E198005D2909 /* Build configuration list for PBXProject "Royal Score" */ = {
			isa = XCConfigurationList;
			buildConfigurations = (
				DB62C7182212E199005D2909 /* Debug */,
				DB62C7192212E199005D2909 /* Release */,
			);
			defaultConfigurationIsVisible = 0;
			defaultConfigurationName = Release;
		};
		DB62C71A2212E199005D2909 /* Build configuration list for PBXNativeTarget "Royal Score" */ = {
			isa = XCConfigurationList;
			buildConfigurations = (
				DB62C71B2212E199005D2909 /* Debug */,
				DB62C71C2212E199005D2909 /* Release */,
			);
			defaultConfigurationIsVisible = 0;
			defaultConfigurationName = Release;
		};
/* End XCConfigurationList section */
	};
	rootObject = DB62C7002212E198005D2909 /* Project object */;
}
